// !$*UTF8*$!
{
	archiveVersion = 1;
	classes = {
	};
	objectVersion = 50;
	objects = {

/* Begin PBXBuildFile section */
		23BC5B492601A0B900C5FCC1 /* AppDelegate.swift in Sources */ = {isa = PBXBuildFile; fileRef = 23BC5B482601A0B900C5FCC1 /* AppDelegate.swift */; };
		23BC5B4B2601A0B900C5FCC1 /* SceneDelegate.swift in Sources */ = {isa = PBXBuildFile; fileRef = 23BC5B4A2601A0B900C5FCC1 /* SceneDelegate.swift */; };
		23BC5B4D2601A0B900C5FCC1 /* ViewController.swift in Sources */ = {isa = PBXBuildFile; fileRef = 23BC5B4C2601A0B900C5FCC1 /* ViewController.swift */; };
		23BC5B502601A0B900C5FCC1 /* Main.storyboard in Resources */ = {isa = PBXBuildFile; fileRef = 23BC5B4E2601A0B900C5FCC1 /* Main.storyboard */; };
		23BC5B522601A0BA00C5FCC1 /* Assets.xcassets in Resources */ = {isa = PBXBuildFile; fileRef = 23BC5B512601A0BA00C5FCC1 /* Assets.xcassets */; };
		23BC5B552601A0BA00C5FCC1 /* LaunchScreen.storyboard in Resources */ = {isa = PBXBuildFile; fileRef = 23BC5B532601A0BA00C5FCC1 /* LaunchScreen.storyboard */; };
		23BC5B652601A18A00C5FCC1 /* dibidibi_Launch_video_iPhone_5, 5c, 5s, SE.mp4 in Resources */ = {isa = PBXBuildFile; fileRef = 23BC5B5D2601A18A00C5FCC1 /* dibidibi_Launch_video_iPhone_5, 5c, 5s, SE.mp4 */; };
		23BC5B662601A18A00C5FCC1 /* dibidibi_Launch_video_iPhone_6, 6s, 7, 8.mp4 in Resources */ = {isa = PBXBuildFile; fileRef = 23BC5B5E2601A18A00C5FCC1 /* dibidibi_Launch_video_iPhone_6, 6s, 7, 8.mp4 */; };
		23BC5B672601A18A00C5FCC1 /* dibidibi_Launch_video.mp4 in Resources */ = {isa = PBXBuildFile; fileRef = 23BC5B5F2601A18A00C5FCC1 /* dibidibi_Launch_video.mp4 */; };
		23BC5B682601A18A00C5FCC1 /* dibidibi_Launch_video_iPhone_XR.mp4 in Resources */ = {isa = PBXBuildFile; fileRef = 23BC5B602601A18A00C5FCC1 /* dibidibi_Launch_video_iPhone_XR.mp4 */; };
		23BC5B692601A18A00C5FCC1 /* dibidibi_Launch_video_iPhone_X.mp4 in Resources */ = {isa = PBXBuildFile; fileRef = 23BC5B612601A18A00C5FCC1 /* dibidibi_Launch_video_iPhone_X.mp4 */; };
		23BC5B6A2601A18A00C5FCC1 /* dibidibi_Launch_video_iPhone_6 Plus, 6s Plus, 7 Plus, 8 Plus.mp4 in Resources */ = {isa = PBXBuildFile; fileRef = 23BC5B622601A18A00C5FCC1 /* dibidibi_Launch_video_iPhone_6 Plus, 6s Plus, 7 Plus, 8 Plus.mp4 */; };
		23BC5B6B2601A18A00C5FCC1 /* dibidibi_Launch_video_iPhone_XS_Max.mp4 in Resources */ = {isa = PBXBuildFile; fileRef = 23BC5B632601A18A00C5FCC1 /* dibidibi_Launch_video_iPhone_XS_Max.mp4 */; };
		23BC5B6C2601A18A00C5FCC1 /* dibidibi_Launch_video_iPhone_XS.mp4 in Resources */ = {isa = PBXBuildFile; fileRef = 23BC5B642601A18A00C5FCC1 /* dibidibi_Launch_video_iPhone_XS.mp4 */; };
		23BC5B6E2601A3B800C5FCC1 /* Icon_120.png in Resources */ = {isa = PBXBuildFile; fileRef = 23BC5B6D2601A3B800C5FCC1 /* Icon_120.png */; };
		B6FFB69E27CC7A01957B3FC9 /* Pods_AVPlayerEx.framework in Frameworks */ = {isa = PBXBuildFile; fileRef = 85D64EFECB827B3A9CEC2E02 /* Pods_AVPlayerEx.framework */; };
/* End PBXBuildFile section */

/* Begin PBXFileReference section */
		23BC5B452601A0B900C5FCC1 /* AVPlayerEx.app */ = {isa = PBXFileReference; explicitFileType = wrapper.application; includeInIndex = 0; path = AVPlayerEx.app; sourceTree = BUILT_PRODUCTS_DIR; };
		23BC5B482601A0B900C5FCC1 /* AppDelegate.swift */ = {isa = PBXFileReference; lastKnownFileType = sourcecode.swift; path = AppDelegate.swift; sourceTree = "<group>"; };
		23BC5B4A2601A0B900C5FCC1 /* SceneDelegate.swift */ = {isa = PBXFileReference; lastKnownFileType = sourcecode.swift; path = SceneDelegate.swift; sourceTree = "<group>"; };
		23BC5B4C2601A0B900C5FCC1 /* ViewController.swift */ = {isa = PBXFileReference; lastKnownFileType = sourcecode.swift; path = ViewController.swift; sourceTree = "<group>"; };
		23BC5B4F2601A0B900C5FCC1 /* Base */ = {isa = PBXFileReference; lastKnownFileType = file.storyboard; name = Base; path = Base.lproj/Main.storyboard; sourceTree = "<group>"; };
		23BC5B512601A0BA00C5FCC1 /* Assets.xcassets */ = {isa = PBXFileReference; lastKnownFileType = folder.assetcatalog; path = Assets.xcassets; sourceTree = "<group>"; };
		23BC5B542601A0BA00C5FCC1 /* Base */ = {isa = PBXFileReference; lastKnownFileType = file.storyboard; name = Base; path = Base.lproj/LaunchScreen.storyboard; sourceTree = "<group>"; };
		23BC5B562601A0BA00C5FCC1 /* Info.plist */ = {isa = PBXFileReference; lastKnownFileType = text.plist.xml; path = Info.plist; sourceTree = "<group>"; };
		23BC5B5D2601A18A00C5FCC1 /* dibidibi_Launch_video_iPhone_5, 5c, 5s, SE.mp4 */ = {isa = PBXFileReference; lastKnownFileType = file; path = "dibidibi_Launch_video_iPhone_5, 5c, 5s, SE.mp4"; sourceTree = "<group>"; };
		23BC5B5E2601A18A00C5FCC1 /* dibidibi_Launch_video_iPhone_6, 6s, 7, 8.mp4 */ = {isa = PBXFileReference; lastKnownFileType = file; path = "dibidibi_Launch_video_iPhone_6, 6s, 7, 8.mp4"; sourceTree = "<group>"; };
		23BC5B5F2601A18A00C5FCC1 /* dibidibi_Launch_video.mp4 */ = {isa = PBXFileReference; lastKnownFileType = file; path = dibidibi_Launch_video.mp4; sourceTree = "<group>"; };
		23BC5B602601A18A00C5FCC1 /* dibidibi_Launch_video_iPhone_XR.mp4 */ = {isa = PBXFileReference; lastKnownFileType = file; path = dibidibi_Launch_video_iPhone_XR.mp4; sourceTree = "<group>"; };
		23BC5B612601A18A00C5FCC1 /* dibidibi_Launch_video_iPhone_X.mp4 */ = {isa = PBXFileReference; lastKnownFileType = file; path = dibidibi_Launch_video_iPhone_X.mp4; sourceTree = "<group>"; };
		23BC5B622601A18A00C5FCC1 /* dibidibi_Launch_video_iPhone_6 Plus, 6s Plus, 7 Plus, 8 Plus.mp4 */ = {isa = PBXFileReference; lastKnownFileType = file; path = "dibidibi_Launch_video_iPhone_6 Plus, 6s Plus, 7 Plus, 8 Plus.mp4"; sourceTree = "<group>"; };
		23BC5B632601A18A00C5FCC1 /* dibidibi_Launch_video_iPhone_XS_Max.mp4 */ = {isa = PBXFileReference; lastKnownFileType = file; path = dibidibi_Launch_video_iPhone_XS_Max.mp4; sourceTree = "<group>"; };
		23BC5B642601A18A00C5FCC1 /* dibidibi_Launch_video_iPhone_XS.mp4 */ = {isa = PBXFileReference; lastKnownFileType = file; path = dibidibi_Launch_video_iPhone_XS.mp4; sourceTree = "<group>"; };
		23BC5B6D2601A3B800C5FCC1 /* Icon_120.png */ = {isa = PBXFileReference; lastKnownFileType = image.png; path = Icon_120.png; sourceTree = "<group>"; };
		488F52ADE6B9CC507BAC2EB1 /* Pods-AVPlayerEx.release.xcconfig */ = {isa = PBXFileReference; includeInIndex = 1; lastKnownFileType = text.xcconfig; name = "Pods-AVPlayerEx.release.xcconfig"; path = "Target Support Files/Pods-AVPlayerEx/Pods-AVPlayerEx.release.xcconfig"; sourceTree = "<group>"; };
		77187FA2AA45E76FEFD33E2D /* Pods-AVPlayerEx.debug.xcconfig */ = {isa = PBXFileReference; includeInIndex = 1; lastKnownFileType = text.xcconfig; name = "Pods-AVPlayerEx.debug.xcconfig"; path = "Target Support Files/Pods-AVPlayerEx/Pods-AVPlayerEx.debug.xcconfig"; sourceTree = "<group>"; };
		85D64EFECB827B3A9CEC2E02 /* Pods_AVPlayerEx.framework */ = {isa = PBXFileReference; explicitFileType = wrapper.framework; includeInIndex = 0; path = Pods_AVPlayerEx.framework; sourceTree = BUILT_PRODUCTS_DIR; };
/* End PBXFileReference section */

/* Begin PBXFrameworksBuildPhase section */
		23BC5B422601A0B900C5FCC1 /* Frameworks */ = {
			isa = PBXFrameworksBuildPhase;
			buildActionMask = 2147483647;
			files = (
				B6FFB69E27CC7A01957B3FC9 /* Pods_AVPlayerEx.framework in Frameworks */,
			);
			runOnlyForDeploymentPostprocessing = 0;
		};
/* End PBXFrameworksBuildPhase section */

/* Begin PBXGroup section */
		23BC5B3C2601A0B900C5FCC1 = {
			isa = PBXGroup;
			children = (
				23BC5B472601A0B900C5FCC1 /* AVPlayerEx */,
				23BC5B462601A0B900C5FCC1 /* Products */,
				7459E4091DB3DFF1535B494A /* Pods */,
				5A18AE5FB0CEF7C8BAC12758 /* Frameworks */,
			);
			sourceTree = "<group>";
		};
		23BC5B462601A0B900C5FCC1 /* Products */ = {
			isa = PBXGroup;
			children = (
				23BC5B452601A0B900C5FCC1 /* AVPlayerEx.app */,
			);
			name = Products;
			sourceTree = "<group>";
		};
		23BC5B472601A0B900C5FCC1 /* AVPlayerEx */ = {
			isa = PBXGroup;
			children = (
				23BC5B5C2601A0CF00C5FCC1 /* Resource */,
				23BC5B482601A0B900C5FCC1 /* AppDelegate.swift */,
				23BC5B4A2601A0B900C5FCC1 /* SceneDelegate.swift */,
				23BC5B4C2601A0B900C5FCC1 /* ViewController.swift */,
				23BC5B4E2601A0B900C5FCC1 /* Main.storyboard */,
				23BC5B512601A0BA00C5FCC1 /* Assets.xcassets */,
				23BC5B532601A0BA00C5FCC1 /* LaunchScreen.storyboard */,
				23BC5B562601A0BA00C5FCC1 /* Info.plist */,
			);
			path = AVPlayerEx;
			sourceTree = "<group>";
		};
		23BC5B5C2601A0CF00C5FCC1 /* Resource */ = {
			isa = PBXGroup;
			children = (
				23BC5B6D2601A3B800C5FCC1 /* Icon_120.png */,
				23BC5B5D2601A18A00C5FCC1 /* dibidibi_Launch_video_iPhone_5, 5c, 5s, SE.mp4 */,
				23BC5B622601A18A00C5FCC1 /* dibidibi_Launch_video_iPhone_6 Plus, 6s Plus, 7 Plus, 8 Plus.mp4 */,
				23BC5B5E2601A18A00C5FCC1 /* dibidibi_Launch_video_iPhone_6, 6s, 7, 8.mp4 */,
				23BC5B612601A18A00C5FCC1 /* dibidibi_Launch_video_iPhone_X.mp4 */,
				23BC5B602601A18A00C5FCC1 /* dibidibi_Launch_video_iPhone_XR.mp4 */,
				23BC5B632601A18A00C5FCC1 /* dibidibi_Launch_video_iPhone_XS_Max.mp4 */,
				23BC5B642601A18A00C5FCC1 /* dibidibi_Launch_video_iPhone_XS.mp4 */,
				23BC5B5F2601A18A00C5FCC1 /* dibidibi_Launch_video.mp4 */,
			);
			path = Resource;
			sourceTree = "<group>";
		};
		5A18AE5FB0CEF7C8BAC12758 /* Frameworks */ = {
			isa = PBXGroup;
			children = (
				85D64EFECB827B3A9CEC2E02 /* Pods_AVPlayerEx.framework */,
			);
			name = Frameworks;
			sourceTree = "<group>";
		};
		7459E4091DB3DFF1535B494A /* Pods */ = {
			isa = PBXGroup;
			children = (
				77187FA2AA45E76FEFD33E2D /* Pods-AVPlayerEx.debug.xcconfig */,
				488F52ADE6B9CC507BAC2EB1 /* Pods-AVPlayerEx.release.xcconfig */,
			);
			name = Pods;
			path = Pods;
			sourceTree = "<group>";
		};
/* End PBXGroup section */

/* Begin PBXNativeTarget section */
		23BC5B442601A0B900C5FCC1 /* AVPlayerEx */ = {
			isa = PBXNativeTarget;
			buildConfigurationList = 23BC5B592601A0BA00C5FCC1 /* Build configuration list for PBXNativeTarget "AVPlayerEx" */;
			buildPhases = (
				16F3C46741451D8D2D0D6CBE /* [CP] Check Pods Manifest.lock */,
				23BC5B412601A0B900C5FCC1 /* Sources */,
				23BC5B422601A0B900C5FCC1 /* Frameworks */,
				23BC5B432601A0B900C5FCC1 /* Resources */,
				4B6742206D41D8219C1C83F3 /* [CP] Embed Pods Frameworks */,
			);
			buildRules = (
			);
			dependencies = (
			);
			name = AVPlayerEx;
			productName = AVPlayerEx;
			productReference = 23BC5B452601A0B900C5FCC1 /* AVPlayerEx.app */;
			productType = "com.apple.product-type.application";
		};
/* End PBXNativeTarget section */

/* Begin PBXProject section */
		23BC5B3D2601A0B900C5FCC1 /* Project object */ = {
			isa = PBXProject;
			attributes = {
				LastSwiftUpdateCheck = 1160;
				LastUpgradeCheck = 1160;
				ORGANIZATIONNAME = TestApp;
				TargetAttributes = {
					23BC5B442601A0B900C5FCC1 = {
						CreatedOnToolsVersion = 11.6;
					};
				};
			};
			buildConfigurationList = 23BC5B402601A0B900C5FCC1 /* Build configuration list for PBXProject "AVPlayerEx" */;
			compatibilityVersion = "Xcode 9.3";
			developmentRegion = en;
			hasScannedForEncodings = 0;
			knownRegions = (
				en,
				Base,
			);
			mainGroup = 23BC5B3C2601A0B900C5FCC1;
			productRefGroup = 23BC5B462601A0B900C5FCC1 /* Products */;
			projectDirPath = "";
			projectRoot = "";
			targets = (
				23BC5B442601A0B900C5FCC1 /* AVPlayerEx */,
			);
		};
/* End PBXProject section */

/* Begin PBXResourcesBuildPhase section */
		23BC5B432601A0B900C5FCC1 /* Resources */ = {
			isa = PBXResourcesBuildPhase;
			buildActionMask = 2147483647;
			files = (
				23BC5B662601A18A00C5FCC1 /* dibidibi_Launch_video_iPhone_6, 6s, 7, 8.mp4 in Resources */,
				23BC5B682601A18A00C5FCC1 /* dibidibi_Launch_video_iPhone_XR.mp4 in Resources */,
				23BC5B692601A18A00C5FCC1 /* dibidibi_Launch_video_iPhone_X.mp4 in Resources */,
				23BC5B6B2601A18A00C5FCC1 /* dibidibi_Launch_video_iPhone_XS_Max.mp4 in Resources */,
				23BC5B552601A0BA00C5FCC1 /* LaunchScreen.storyboard in Resources */,
				23BC5B522601A0BA00C5FCC1 /* Assets.xcassets in Resources */,
				23BC5B6E2601A3B800C5FCC1 /* Icon_120.png in Resources */,
				23BC5B502601A0B900C5FCC1 /* Main.storyboard in Resources */,
				23BC5B672601A18A00C5FCC1 /* dibidibi_Launch_video.mp4 in Resources */,
				23BC5B6C2601A18A00C5FCC1 /* dibidibi_Launch_video_iPhone_XS.mp4 in Resources */,
				23BC5B652601A18A00C5FCC1 /* dibidibi_Launch_video_iPhone_5, 5c, 5s, SE.mp4 in Resources */,
				23BC5B6A2601A18A00C5FCC1 /* dibidibi_Launch_video_iPhone_6 Plus, 6s Plus, 7 Plus, 8 Plus.mp4 in Resources */,
			);
			runOnlyForDeploymentPostprocessing = 0;
		};
/* End PBXResourcesBuildPhase section */

/* Begin PBXShellScriptBuildPhase section */
		16F3C46741451D8D2D0D6CBE /* [CP] Check Pods Manifest.lock */ = {
			isa = PBXShellScriptBuildPhase;
			buildActionMask = 2147483647;
			files = (
			);
			inputFileListPaths = (
			);
			inputPaths = (
				"${PODS_PODFILE_DIR_PATH}/Podfile.lock",
				"${PODS_ROOT}/Manifest.lock",
			);
			name = "[CP] Check Pods Manifest.lock";
			outputFileListPaths = (
			);
			outputPaths = (
				"$(DERIVED_FILE_DIR)/Pods-AVPlayerEx-checkManifestLockResult.txt",
			);
			runOnlyForDeploymentPostprocessing = 0;
			shellPath = /bin/sh;
			shellScript = "diff \"${PODS_PODFILE_DIR_PATH}/Podfile.lock\" \"${PODS_ROOT}/Manifest.lock\" > /dev/null\nif [ $? != 0 ] ; then\n    # print error to STDERR\n    echo \"error: The sandbox is not in sync with the Podfile.lock. Run 'pod install' or update your CocoaPods installation.\" >&2\n    exit 1\nfi\n# This output is used by Xcode 'outputs' to avoid re-running this script phase.\necho \"SUCCESS\" > \"${SCRIPT_OUTPUT_FILE_0}\"\n";
			showEnvVarsInLog = 0;
		};
		4B6742206D41D8219C1C83F3 /* [CP] Embed Pods Frameworks */ = {
			isa = PBXShellScriptBuildPhase;
			buildActionMask = 2147483647;
			files = (
			);
			inputFileListPaths = (
				"${PODS_ROOT}/Target Support Files/Pods-AVPlayerEx/Pods-AVPlayerEx-frameworks-${CONFIGURATION}-input-files.xcfilelist",
			);
			name = "[CP] Embed Pods Frameworks";
			outputFileListPaths = (
				"${PODS_ROOT}/Target Support Files/Pods-AVPlayerEx/Pods-AVPlayerEx-frameworks-${CONFIGURATION}-output-files.xcfilelist",
			);
			runOnlyForDeploymentPostprocessing = 0;
			shellPath = /bin/sh;
			shellScript = "\"${PODS_ROOT}/Target Support Files/Pods-AVPlayerEx/Pods-AVPlayerEx-frameworks.sh\"\n";
			showEnvVarsInLog = 0;
		};
/* End PBXShellScriptBuildPhase section */

/* Begin PBXSourcesBuildPhase section */
		23BC5B412601A0B900C5FCC1 /* Sources */ = {
			isa = PBXSourcesBuildPhase;
			buildActionMask = 2147483647;
			files = (
				23BC5B4D2601A0B900C5FCC1 /* ViewController.swift in Sources */,
				23BC5B492601A0B900C5FCC1 /* AppDelegate.swift in Sources */,
				23BC5B4B2601A0B900C5FCC1 /* SceneDelegate.swift in Sources */,
			);
			runOnlyForDeploymentPostprocessing = 0;
		};
/* End PBXSourcesBuildPhase section */

/* Begin PBXVariantGroup section */
		23BC5B4E2601A0B900C5FCC1 /* Main.storyboard */ = {
			isa = PBXVariantGroup;
			children = (
				23BC5B4F2601A0B900C5FCC1 /* Base */,
			);
			name = Main.storyboard;
			sourceTree = "<group>";
		};
		23BC5B532601A0BA00C5FCC1 /* LaunchScreen.storyboard */ = {
			isa = PBXVariantGroup;
			children = (
				23BC5B542601A0BA00C5FCC1 /* Base */,
			);
			name = LaunchScreen.storyboard;
			sourceTree = "<group>";
		};
/* End PBXVariantGroup section */

/* Begin XCBuildConfiguration section */
		23BC5B572601A0BA00C5FCC1 /* Debug */ = {
			isa = XCBuildConfiguration;
			buildSettings = {
				ALWAYS_SEARCH_USER_PATHS = NO;
				CLANG_ANALYZER_NONNULL = YES;
				CLANG_ANALYZER_NUMBER_OBJECT_CONVERSION = YES_AGGRESSIVE;
				CLANG_CXX_LANGUAGE_STANDARD = "gnu++14";
				CLANG_CXX_LIBRARY = "libc++";
				CLANG_ENABLE_MODULES = YES;
				CLANG_ENABLE_OBJC_ARC = YES;
				CLANG_ENABLE_OBJC_WEAK = YES;
				CLANG_WARN_BLOCK_CAPTURE_AUTORELEASING = YES;
				CLANG_WARN_BOOL_CONVERSION = YES;
				CLANG_WARN_COMMA = YES;
				CLANG_WARN_CONSTANT_CONVERSION = YES;
				CLANG_WARN_DEPRECATED_OBJC_IMPLEMENTATIONS = YES;
				CLANG_WARN_DIRECT_OBJC_ISA_USAGE = YES_ERROR;
				CLANG_WARN_DOCUMENTATION_COMMENTS = YES;
				CLANG_WARN_EMPTY_BODY = YES;
				CLANG_WARN_ENUM_CONVERSION = YES;
				CLANG_WARN_INFINITE_RECURSION = YES;
				CLANG_WARN_INT_CONVERSION = YES;
				CLANG_WARN_NON_LITERAL_NULL_CONVERSION = YES;
				CLANG_WARN_OBJC_IMPLICIT_RETAIN_SELF = YES;
				CLANG_WARN_OBJC_LITERAL_CONVERSION = YES;
				CLANG_WARN_OBJC_ROOT_CLASS = YES_ERROR;
				CLANG_WARN_RANGE_LOOP_ANALYSIS = YES;
				CLANG_WARN_STRICT_PROTOTYPES = YES;
				CLANG_WARN_SUSPICIOUS_MOVE = YES;
				CLANG_WARN_UNGUARDED_AVAILABILITY = YES_AGGRESSIVE;
				CLANG_WARN_UNREACHABLE_CODE = YES;
				CLANG_WARN__DUPLICATE_METHOD_MATCH = YES;
				COPY_PHASE_STRIP = NO;
				DEBUG_INFORMATION_FORMAT = dwarf;
				ENABLE_STRICT_OBJC_MSGSEND = YES;
				ENABLE_TESTABILITY = YES;
				GCC_C_LANGUAGE_STANDARD = gnu11;
				GCC_DYNAMIC_NO_PIC = NO;
				GCC_NO_COMMON_BLOCKS = YES;
				GCC_OPTIMIZATION_LEVEL = 0;
				GCC_PREPROCESSOR_DEFINITIONS = (
					"DEBUG=1",
					"$(inherited)",
				);
				GCC_WARN_64_TO_32_BIT_CONVERSION = YES;
				GCC_WARN_ABOUT_RETURN_TYPE = YES_ERROR;
				GCC_WARN_UNDECLARED_SELECTOR = YES;
				GCC_WARN_UNINITIALIZED_AUTOS = YES_AGGRESSIVE;
				GCC_WARN_UNUSED_FUNCTION = YES;
				GCC_WARN_UNUSED_VARIABLE = YES;
				IPHONEOS_DEPLOYMENT_TARGET = 13.6;
				MTL_ENABLE_DEBUG_INFO = INCLUDE_SOURCE;
				MTL_FAST_MATH = YES;
				ONLY_ACTIVE_ARCH = YES;
				SDKROOT = iphoneos;
				SWIFT_ACTIVE_COMPILATION_CONDITIONS = DEBUG;
				SWIFT_OPTIMIZATION_LEVEL = "-Onone";
			};
			name = Debug;
		};
		23BC5B582601A0BA00C5FCC1 /* Release */ = {
			isa = XCBuildConfiguration;
			buildSettings = {
				ALWAYS_SEARCH_USER_PATHS = NO;
				CLANG_ANALYZER_NONNULL = YES;
				CLANG_ANALYZER_NUMBER_OBJECT_CONVERSION = YES_AGGRESSIVE;
				CLANG_CXX_LANGUAGE_STANDARD = "gnu++14";
				CLANG_CXX_LIBRARY = "libc++";
				CLANG_ENABLE_MODULES = YES;
				CLANG_ENABLE_OBJC_ARC = YES;
				CLANG_ENABLE_OBJC_WEAK = YES;
				CLANG_WARN_BLOCK_CAPTURE_AUTORELEASING = YES;
				CLANG_WARN_BOOL_CONVERSION = YES;
				CLANG_WARN_COMMA = YES;
				CLANG_WARN_CONSTANT_CONVERSION = YES;
				CLANG_WARN_DEPRECATED_OBJC_IMPLEMENTATIONS = YES;
				CLANG_WARN_DIRECT_OBJC_ISA_USAGE = YES_ERROR;
				CLANG_WARN_DOCUMENTATION_COMMENTS = YES;
				CLANG_WARN_EMPTY_BODY = YES;
				CLANG_WARN_ENUM_CONVERSION = YES;
				CLANG_WARN_INFINITE_RECURSION = YES;
				CLANG_WARN_INT_CONVERSION = YES;
				CLANG_WARN_NON_LITERAL_NULL_CONVERSION = YES;
				CLANG_WARN_OBJC_IMPLICIT_RETAIN_SELF = YES;
				CLANG_WARN_OBJC_LITERAL_CONVERSION = YES;
				CLANG_WARN_OBJC_ROOT_CLASS = YES_ERROR;
				CLANG_WARN_RANGE_LOOP_ANALYSIS = YES;
				CLANG_WARN_STRICT_PROTOTYPES = YES;
				CLANG_WARN_SUSPICIOUS_MOVE = YES;
				CLANG_WARN_UNGUARDED_AVAILABILITY = YES_AGGRESSIVE;
				CLANG_WARN_UNREACHABLE_CODE = YES;
				CLANG_WARN__DUPLICATE_METHOD_MATCH = YES;
				COPY_PHASE_STRIP = NO;
				DEBUG_INFORMATION_FORMAT = "dwarf-with-dsym";
				ENABLE_NS_ASSERTIONS = NO;
				ENABLE_STRICT_OBJC_MSGSEND = YES;
				GCC_C_LANGUAGE_STANDARD = gnu11;
				GCC_NO_COMMON_BLOCKS = YES;
				GCC_WARN_64_TO_32_BIT_CONVERSION = YES;
				GCC_WARN_ABOUT_RETURN_TYPE = YES_ERROR;
				GCC_WARN_UNDECLARED_SELECTOR = YES;
				GCC_WARN_UNINITIALIZED_AUTOS = YES_AGGRESSIVE;
				GCC_WARN_UNUSED_FUNCTION = YES;
				GCC_WARN_UNUSED_VARIABLE = YES;
				IPHONEOS_DEPLOYMENT_TARGET = 13.6;
				MTL_ENABLE_DEBUG_INFO = NO;
				MTL_FAST_MATH = YES;
				SDKROOT = iphoneos;
				SWIFT_COMPILATION_MODE = wholemodule;
				SWIFT_OPTIMIZATION_LEVEL = "-O";
				VALIDATE_PRODUCT = YES;
			};
			name = Release;
		};
		23BC5B5A2601A0BA00C5FCC1 /* Debug */ = {
			isa = XCBuildConfiguration;
			baseConfigurationReference = 77187FA2AA45E76FEFD33E2D /* Pods-AVPlayerEx.debug.xcconfig */;
			buildSettings = {
				ASSETCATALOG_COMPILER_APPICON_NAME = AppIcon;
				CODE_SIGN_STYLE = Automatic;
				INFOPLIST_FILE = AVPlayerEx/Info.plist;
				LD_RUNPATH_SEARCH_PATHS = (
					"$(inherited)",
					"@executable_path/Frameworks",
				);
				PRODUCT_BUNDLE_IDENTIFIER = com.AVPlayerEx;
				PRODUCT_NAME = "$(TARGET_NAME)";
				SWIFT_VERSION = 5.0;
				TARGETED_DEVICE_FAMILY = "1,2";
			};
			name = Debug;
		};
		23BC5B5B2601A0BA00C5FCC1 /* Release */ = {
			isa = XCBuildConfiguration;
			baseConfigurationReference = 488F52ADE6B9CC507BAC2EB1 /* Pods-AVPlayerEx.release.xcconfig */;
			buildSettings = {
				ASSETCATALOG_COMPILER_APPICON_NAME = AppIcon;
				CODE_SIGN_STYLE = Automatic;
				INFOPLIST_FILE = AVPlayerEx/Info.plist;
				LD_RUNPATH_SEARCH_PATHS = (
					"$(inherited)",
					"@executable_path/Frameworks",
				);
				PRODUCT_BUNDLE_IDENTIFIER = com.AVPlayerEx;
				PRODUCT_NAME = "$(TARGET_NAME)";
				SWIFT_VERSION = 5.0;
				TARGETED_DEVICE_FAMILY = "1,2";
			};
			name = Release;
		};
/* End XCBuildConfiguration section */

/* Begin XCConfigurationList section */
		23BC5B402601A0B900C5FCC1 /* Build configuration list for PBXProject "AVPlayerEx" */ = {
			isa = XCConfigurationList;
			buildConfigurations = (
				23BC5B572601A0BA00C5FCC1 /* Debug */,
				23BC5B582601A0BA00C5FCC1 /* Release */,
			);
			defaultConfigurationIsVisible = 0;
			defaultConfigurationName = Release;
		};
		23BC5B592601A0BA00C5FCC1 /* Build configuration list for PBXNativeTarget "AVPlayerEx" */ = {
			isa = XCConfigurationList;
			buildConfigurations = (
				23BC5B5A2601A0BA00C5FCC1 /* Debug */,
				23BC5B5B2601A0BA00C5FCC1 /* Release */,
			);
			defaultConfigurationIsVisible = 0;
			defaultConfigurationName = Release;
		};
/* End XCConfigurationList section */
	};
	rootObject = 23BC5B3D2601A0B900C5FCC1 /* Project object */;
}
